// !$*UTF8*$!
{
	archiveVersion = 1;
	classes = {
	};
	objectVersion = 56;
	objects = {

/* Begin PBXBuildFile section */
		AF0943B829C7C94100D2E0D6 /* itemModel.swift in Sources */ = {isa = PBXBuildFile; fileRef = AF0943B729C7C94100D2E0D6 /* itemModel.swift */; };
		AF0943BA29C7CAC000D2E0D6 /* DetailView.swift in Sources */ = {isa = PBXBuildFile; fileRef = AF0943B929C7CAC000D2E0D6 /* DetailView.swift */; };
		AF918F5229C25E020075B4F4 /* BookkeepingApp.swift in Sources */ = {isa = PBXBuildFile; fileRef = AF918F5129C25E020075B4F4 /* BookkeepingApp.swift */; };
		AF918F5429C25E020075B4F4 /* ContentView.swift in Sources */ = {isa = PBXBuildFile; fileRef = AF918F5329C25E020075B4F4 /* ContentView.swift */; };
		AF918F5629C25E030075B4F4 /* Assets.xcassets in Resources */ = {isa = PBXBuildFile; fileRef = AF918F5529C25E030075B4F4 /* Assets.xcassets */; };
		AF918F5929C25E030075B4F4 /* Preview Assets.xcassets in Resources */ = {isa = PBXBuildFile; fileRef = AF918F5829C25E030075B4F4 /* Preview Assets.xcassets */; };
		AF918F6029C267C90075B4F4 /* FindMarketView.swift in Sources */ = {isa = PBXBuildFile; fileRef = AF918F5F29C267C90075B4F4 /* FindMarketView.swift */; };
		AF918F6429C26C4D0075B4F4 /* CurrencyRateView.swift in Sources */ = {isa = PBXBuildFile; fileRef = AF918F6329C26C4D0075B4F4 /* CurrencyRateView.swift */; };
		AF918F6629C26C5C0075B4F4 /* RecordItemView.swift in Sources */ = {isa = PBXBuildFile; fileRef = AF918F6529C26C5C0075B4F4 /* RecordItemView.swift */; };
		AF918F6829C26D3C0075B4F4 /* SucessView.swift in Sources */ = {isa = PBXBuildFile; fileRef = AF918F6729C26D3C0075B4F4 /* SucessView.swift */; };
/* End PBXBuildFile section */

/* Begin PBXFileReference section */
		AF0943B729C7C94100D2E0D6 /* itemModel.swift */ = {isa = PBXFileReference; lastKnownFileType = sourcecode.swift; path = itemModel.swift; sourceTree = "<group>"; };
		AF0943B929C7CAC000D2E0D6 /* DetailView.swift */ = {isa = PBXFileReference; lastKnownFileType = sourcecode.swift; path = DetailView.swift; sourceTree = "<group>"; };
		AF918F4E29C25E020075B4F4 /* Bookkeeping.app */ = {isa = PBXFileReference; explicitFileType = wrapper.application; includeInIndex = 0; path = Bookkeeping.app; sourceTree = BUILT_PRODUCTS_DIR; };
		AF918F5129C25E020075B4F4 /* BookkeepingApp.swift */ = {isa = PBXFileReference; lastKnownFileType = sourcecode.swift; path = BookkeepingApp.swift; sourceTree = "<group>"; };
		AF918F5329C25E020075B4F4 /* ContentView.swift */ = {isa = PBXFileReference; lastKnownFileType = sourcecode.swift; path = ContentView.swift; sourceTree = "<group>"; };
		AF918F5529C25E030075B4F4 /* Assets.xcassets */ = {isa = PBXFileReference; lastKnownFileType = folder.assetcatalog; path = Assets.xcassets; sourceTree = "<group>"; };
		AF918F5829C25E030075B4F4 /* Preview Assets.xcassets */ = {isa = PBXFileReference; lastKnownFileType = folder.assetcatalog; path = "Preview Assets.xcassets"; sourceTree = "<group>"; };
		AF918F5F29C267C90075B4F4 /* FindMarketView.swift */ = {isa = PBXFileReference; lastKnownFileType = sourcecode.swift; path = FindMarketView.swift; sourceTree = "<group>"; };
		AF918F6329C26C4D0075B4F4 /* CurrencyRateView.swift */ = {isa = PBXFileReference; lastKnownFileType = sourcecode.swift; path = CurrencyRateView.swift; sourceTree = "<group>"; };
		AF918F6529C26C5C0075B4F4 /* RecordItemView.swift */ = {isa = PBXFileReference; lastKnownFileType = sourcecode.swift; path = RecordItemView.swift; sourceTree = "<group>"; };
		AF918F6729C26D3C0075B4F4 /* SucessView.swift */ = {isa = PBXFileReference; lastKnownFileType = sourcecode.swift; path = SucessView.swift; sourceTree = "<group>"; };
/* End PBXFileReference section */

/* Begin PBXFrameworksBuildPhase section */
		AF918F4B29C25E020075B4F4 /* Frameworks */ = {
			isa = PBXFrameworksBuildPhase;
			buildActionMask = 2147483647;
			files = (
			);
			runOnlyForDeploymentPostprocessing = 0;
		};
/* End PBXFrameworksBuildPhase section */

/* Begin PBXGroup section */
		AF918F4529C25E020075B4F4 = {
			isa = PBXGroup;
			children = (
				AF918F5029C25E020075B4F4 /* Bookkeeping */,
				AF918F4F29C25E020075B4F4 /* Products */,
			);
			sourceTree = "<group>";
		};
		AF918F4F29C25E020075B4F4 /* Products */ = {
			isa = PBXGroup;
			children = (
				AF918F4E29C25E020075B4F4 /* Bookkeeping.app */,
			);
			name = Products;
			sourceTree = "<group>";
		};
		AF918F5029C25E020075B4F4 /* Bookkeeping */ = {
			isa = PBXGroup;
			children = (
				AF918F5129C25E020075B4F4 /* BookkeepingApp.swift */,
				AF918F5329C25E020075B4F4 /* ContentView.swift */,
				AF918F6329C26C4D0075B4F4 /* CurrencyRateView.swift */,
				AF918F6729C26D3C0075B4F4 /* SucessView.swift */,
				AF918F6529C26C5C0075B4F4 /* RecordItemView.swift */,
				AF0943B929C7CAC000D2E0D6 /* DetailView.swift */,
				AF918F5F29C267C90075B4F4 /* FindMarketView.swift */,
				AF0943B729C7C94100D2E0D6 /* itemModel.swift */,
				AF918F5529C25E030075B4F4 /* Assets.xcassets */,
				AF918F5729C25E030075B4F4 /* Preview Content */,
			);
			path = Bookkeeping;
			sourceTree = "<group>";
		};
		AF918F5729C25E030075B4F4 /* Preview Content */ = {
			isa = PBXGroup;
			children = (
				AF918F5829C25E030075B4F4 /* Preview Assets.xcassets */,
			);
			path = "Preview Content";
			sourceTree = "<group>";
		};
/* End PBXGroup section */

/* Begin PBXNativeTarget section */
		AF918F4D29C25E020075B4F4 /* Bookkeeping */ = {
			isa = PBXNativeTarget;
			buildConfigurationList = AF918F5C29C25E030075B4F4 /* Build configuration list for PBXNativeTarget "Bookkeeping" */;
			buildPhases = (
				AF918F4A29C25E020075B4F4 /* Sources */,
				AF918F4B29C25E020075B4F4 /* Frameworks */,
				AF918F4C29C25E020075B4F4 /* Resources */,
			);
			buildRules = (
			);
			dependencies = (
			);
			name = Bookkeeping;
			productName = Bookkeeping;
			productReference = AF918F4E29C25E020075B4F4 /* Bookkeeping.app */;
			productType = "com.apple.product-type.application";
		};
/* End PBXNativeTarget section */

/* Begin PBXProject section */
		AF918F4629C25E020075B4F4 /* Project object */ = {
			isa = PBXProject;
			attributes = {
				BuildIndependentTargetsInParallel = 1;
				LastSwiftUpdateCheck = 1420;
				LastUpgradeCheck = 1420;
				TargetAttributes = {
					AF918F4D29C25E020075B4F4 = {
						CreatedOnToolsVersion = 14.2;
					};
				};
			};
			buildConfigurationList = AF918F4929C25E020075B4F4 /* Build configuration list for PBXProject "Bookkeeping" */;
			compatibilityVersion = "Xcode 14.0";
			developmentRegion = en;
			hasScannedForEncodings = 0;
			knownRegions = (
				en,
				Base,
			);
			mainGroup = AF918F4529C25E020075B4F4;
			productRefGroup = AF918F4F29C25E020075B4F4 /* Products */;
			projectDirPath = "";
			projectRoot = "";
			targets = (
				AF918F4D29C25E020075B4F4 /* Bookkeeping */,
			);
		};
/* End PBXProject section */

/* Begin PBXResourcesBuildPhase section */
		AF918F4C29C25E020075B4F4 /* Resources */ = {
			isa = PBXResourcesBuildPhase;
			buildActionMask = 2147483647;
			files = (
				AF918F5929C25E030075B4F4 /* Preview Assets.xcassets in Resources */,
				AF918F5629C25E030075B4F4 /* Assets.xcassets in Resources */,
			);
			runOnlyForDeploymentPostprocessing = 0;
		};
/* End PBXResourcesBuildPhase section */

/* Begin PBXSourcesBuildPhase section */
		AF918F4A29C25E020075B4F4 /* Sources */ = {
			isa = PBXSourcesBuildPhase;
			buildActionMask = 2147483647;
			files = (
				AF918F5429C25E020075B4F4 /* ContentView.swift in Sources */,
				AF0943BA29C7CAC000D2E0D6 /* DetailView.swift in Sources */,
				AF918F5229C25E020075B4F4 /* BookkeepingApp.swift in Sources */,
				AF918F6029C267C90075B4F4 /* FindMarketView.swift in Sources */,
				AF918F6429C26C4D0075B4F4 /* CurrencyRateView.swift in Sources */,
				AF0943B829C7C94100D2E0D6 /* itemModel.swift in Sources */,
				AF918F6829C26D3C0075B4F4 /* SucessView.swift in Sources */,
				AF918F6629C26C5C0075B4F4 /* RecordItemView.swift in Sources */,
			);
			runOnlyForDeploymentPostprocessing = 0;
		};
/* End PBXSourcesBuildPhase section */

/* Begin XCBuildConfiguration section */
		AF918F5A29C25E030075B4F4 /* Debug */ = {
			isa = XCBuildConfiguration;
			buildSettings = {
				ALWAYS_SEARCH_USER_PATHS = NO;
				CLANG_ANALYZER_NONNULL = YES;
				CLANG_ANALYZER_NUMBER_OBJECT_CONVERSION = YES_AGGRESSIVE;
				CLANG_CXX_LANGUAGE_STANDARD = "gnu++20";
				CLANG_ENABLE_MODULES = YES;
				CLANG_ENABLE_OBJC_ARC = YES;
				CLANG_ENABLE_OBJC_WEAK = YES;
				CLANG_WARN_BLOCK_CAPTURE_AUTORELEASING = YES;
				CLANG_WARN_BOOL_CONVERSION = YES;
				CLANG_WARN_COMMA = YES;
				CLANG_WARN_CONSTANT_CONVERSION = YES;
				CLANG_WARN_DEPRECATED_OBJC_IMPLEMENTATIONS = YES;
				CLANG_WARN_DIRECT_OBJC_ISA_USAGE = YES_ERROR;
				CLANG_WARN_DOCUMENTATION_COMMENTS = YES;
				CLANG_WARN_EMPTY_BODY = YES;
				CLANG_WARN_ENUM_CONVERSION = YES;
				CLANG_WARN_INFINITE_RECURSION = YES;
				CLANG_WARN_INT_CONVERSION = YES;
				CLANG_WARN_NON_LITERAL_NULL_CONVERSION = YES;
				CLANG_WARN_OBJC_IMPLICIT_RETAIN_SELF = YES;
				CLANG_WARN_OBJC_LITERAL_CONVERSION = YES;
				CLANG_WARN_OBJC_ROOT_CLASS = YES_ERROR;
				CLANG_WARN_QUOTED_INCLUDE_IN_FRAMEWORK_HEADER = YES;
				CLANG_WARN_RANGE_LOOP_ANALYSIS = YES;
				CLANG_WARN_STRICT_PROTOTYPES = YES;
				CLANG_WARN_SUSPICIOUS_MOVE = YES;
				CLANG_WARN_UNGUARDED_AVAILABILITY = YES_AGGRESSIVE;
				CLANG_WARN_UNREACHABLE_CODE = YES;
				CLANG_WARN__DUPLICATE_METHOD_MATCH = YES;
				COPY_PHASE_STRIP = NO;
				DEBUG_INFORMATION_FORMAT = dwarf;
				ENABLE_STRICT_OBJC_MSGSEND = YES;
				ENABLE_TESTABILITY = YES;
				GCC_C_LANGUAGE_STANDARD = gnu11;
				GCC_DYNAMIC_NO_PIC = NO;
				GCC_NO_COMMON_BLOCKS = YES;
				GCC_OPTIMIZATION_LEVEL = 0;
				GCC_PREPROCESSOR_DEFINITIONS = (
					"DEBUG=1",
					"$(inherited)",
				);
				GCC_WARN_64_TO_32_BIT_CONVERSION = YES;
				GCC_WARN_ABOUT_RETURN_TYPE = YES_ERROR;
				GCC_WARN_UNDECLARED_SELECTOR = YES;
				GCC_WARN_UNINITIALIZED_AUTOS = YES_AGGRESSIVE;
				GCC_WARN_UNUSED_FUNCTION = YES;
				GCC_WARN_UNUSED_VARIABLE = YES;
				IPHONEOS_DEPLOYMENT_TARGET = 16.2;
				MTL_ENABLE_DEBUG_INFO = INCLUDE_SOURCE;
				MTL_FAST_MATH = YES;
				ONLY_ACTIVE_ARCH = YES;
				SDKROOT = iphoneos;
				SWIFT_ACTIVE_COMPILATION_CONDITIONS = DEBUG;
				SWIFT_OPTIMIZATION_LEVEL = "-Onone";
			};
			name = Debug;
		};
		AF918F5B29C25E030075B4F4 /* Release */ = {
			isa = XCBuildConfiguration;
			buildSettings = {
				ALWAYS_SEARCH_USER_PATHS = NO;
				CLANG_ANALYZER_NONNULL = YES;
				CLANG_ANALYZER_NUMBER_OBJECT_CONVERSION = YES_AGGRESSIVE;
				CLANG_CXX_LANGUAGE_STANDARD = "gnu++20";
				CLANG_ENABLE_MODULES = YES;
				CLANG_ENABLE_OBJC_ARC = YES;
				CLANG_ENABLE_OBJC_WEAK = YES;
				CLANG_WARN_BLOCK_CAPTURE_AUTORELEASING = YES;
				CLANG_WARN_BOOL_CONVERSION = YES;
				CLANG_WARN_COMMA = YES;
				CLANG_WARN_CONSTANT_CONVERSION = YES;
				CLANG_WARN_DEPRECATED_OBJC_IMPLEMENTATIONS = YES;
				CLANG_WARN_DIRECT_OBJC_ISA_USAGE = YES_ERROR;
				CLANG_WARN_DOCUMENTATION_COMMENTS = YES;
				CLANG_WARN_EMPTY_BODY = YES;
				CLANG_WARN_ENUM_CONVERSION = YES;
				CLANG_WARN_INFINITE_RECURSION = YES;
				CLANG_WARN_INT_CONVERSION = YES;
				CLANG_WARN_NON_LITERAL_NULL_CONVERSION = YES;
				CLANG_WARN_OBJC_IMPLICIT_RETAIN_SELF = YES;
				CLANG_WARN_OBJC_LITERAL_CONVERSION = YES;
				CLANG_WARN_OBJC_ROOT_CLASS = YES_ERROR;
				CLANG_WARN_QUOTED_INCLUDE_IN_FRAMEWORK_HEADER = YES;
				CLANG_WARN_RANGE_LOOP_ANALYSIS = YES;
				CLANG_WARN_STRICT_PROTOTYPES = YES;
				CLANG_WARN_SUSPICIOUS_MOVE = YES;
				CLANG_WARN_UNGUARDED_AVAILABILITY = YES_AGGRESSIVE;
				CLANG_WARN_UNREACHABLE_CODE = YES;
				CLANG_WARN__DUPLICATE_METHOD_MATCH = YES;
				COPY_PHASE_STRIP = NO;
				DEBUG_INFORMATION_FORMAT = "dwarf-with-dsym";
				ENABLE_NS_ASSERTIONS = NO;
				ENABLE_STRICT_OBJC_MSGSEND = YES;
				GCC_C_LANGUAGE_STANDARD = gnu11;
				GCC_NO_COMMON_BLOCKS = YES;
				GCC_WARN_64_TO_32_BIT_CONVERSION = YES;
				GCC_WARN_ABOUT_RETURN_TYPE = YES_ERROR;
				GCC_WARN_UNDECLARED_SELECTOR = YES;
				GCC_WARN_UNINITIALIZED_AUTOS = YES_AGGRESSIVE;
				GCC_WARN_UNUSED_FUNCTION = YES;
				GCC_WARN_UNUSED_VARIABLE = YES;
				IPHONEOS_DEPLOYMENT_TARGET = 16.2;
				MTL_ENABLE_DEBUG_INFO = NO;
				MTL_FAST_MATH = YES;
				SDKROOT = iphoneos;
				SWIFT_COMPILATION_MODE = wholemodule;
				SWIFT_OPTIMIZATION_LEVEL = "-O";
				VALIDATE_PRODUCT = YES;
			};
			name = Release;
		};
		AF918F5D29C25E030075B4F4 /* Debug */ = {
			isa = XCBuildConfiguration;
			buildSettings = {
				ASSETCATALOG_COMPILER_APPICON_NAME = AppIcon;
				ASSETCATALOG_COMPILER_GLOBAL_ACCENT_COLOR_NAME = AccentColor;
				CODE_SIGN_STYLE = Automatic;
				CURRENT_PROJECT_VERSION = 1;
				DEVELOPMENT_ASSET_PATHS = "\"Bookkeeping/Preview Content\"";
				DEVELOPMENT_TEAM = VQ37868JWN;
				ENABLE_PREVIEWS = YES;
				GENERATE_INFOPLIST_FILE = YES;
				INFOPLIST_KEY_UIApplicationSceneManifest_Generation = YES;
				INFOPLIST_KEY_UIApplicationSupportsIndirectInputEvents = YES;
				INFOPLIST_KEY_UILaunchScreen_Generation = YES;
				INFOPLIST_KEY_UISupportedInterfaceOrientations_iPad = "UIInterfaceOrientationPortrait UIInterfaceOrientationPortraitUpsideDown UIInterfaceOrientationLandscapeLeft UIInterfaceOrientationLandscapeRight";
				INFOPLIST_KEY_UISupportedInterfaceOrientations_iPhone = "UIInterfaceOrientationPortrait UIInterfaceOrientationLandscapeLeft UIInterfaceOrientationLandscapeRight";
				LD_RUNPATH_SEARCH_PATHS = (
					"$(inherited)",
					"@executable_path/Frameworks",
				);
				MARKETING_VERSION = 1.0;
				PRODUCT_BUNDLE_IDENTIFIER = asu.Bookkeeping;
				PRODUCT_NAME = "$(TARGET_NAME)";
				SWIFT_EMIT_LOC_STRINGS = YES;
				SWIFT_VERSION = 5.0;
				TARGETED_DEVICE_FAMILY = "1,2";
			};
			name = Debug;
		};
		AF918F5E29C25E030075B4F4 /* Release */ = {
			isa = XCBuildConfiguration;
			buildSettings = {
				ASSETCATALOG_COMPILER_APPICON_NAME = AppIcon;
				ASSETCATALOG_COMPILER_GLOBAL_ACCENT_COLOR_NAME = AccentColor;
				CODE_SIGN_STYLE = Automatic;
				CURRENT_PROJECT_VERSION = 1;
				DEVELOPMENT_ASSET_PATHS = "\"Bookkeeping/Preview Content\"";
				DEVELOPMENT_TEAM = VQ37868JWN;
				ENABLE_PREVIEWS = YES;
				GENERATE_INFOPLIST_FILE = YES;
				INFOPLIST_KEY_UIApplicationSceneManifest_Generation = YES;
				INFOPLIST_KEY_UIApplicationSupportsIndirectInputEvents = YES;
				INFOPLIST_KEY_UILaunchScreen_Generation = YES;
				INFOPLIST_KEY_UISupportedInterfaceOrientations_iPad = "UIInterfaceOrientationPortrait UIInterfaceOrientationPortraitUpsideDown UIInterfaceOrientationLandscapeLeft UIInterfaceOrientationLandscapeRight";
				INFOPLIST_KEY_UISupportedInterfaceOrientations_iPhone = "UIInterfaceOrientationPortrait UIInterfaceOrientationLandscapeLeft UIInterfaceOrientationLandscapeRight";
				LD_RUNPATH_SEARCH_PATHS = (
					"$(inherited)",
					"@executable_path/Frameworks",
				);
				MARKETING_VERSION = 1.0;
				PRODUCT_BUNDLE_IDENTIFIER = asu.Bookkeeping;
				PRODUCT_NAME = "$(TARGET_NAME)";
				SWIFT_EMIT_LOC_STRINGS = YES;
				SWIFT_VERSION = 5.0;
				TARGETED_DEVICE_FAMILY = "1,2";
			};
			name = Release;
		};
/* End XCBuildConfiguration section */

/* Begin XCConfigurationList section */
		AF918F4929C25E020075B4F4 /* Build configuration list for PBXProject "Bookkeeping" */ = {
			isa = XCConfigurationList;
			buildConfigurations = (
				AF918F5A29C25E030075B4F4 /* Debug */,
				AF918F5B29C25E030075B4F4 /* Release */,
			);
			defaultConfigurationIsVisible = 0;
			defaultConfigurationName = Release;
		};
		AF918F5C29C25E030075B4F4 /* Build configuration list for PBXNativeTarget "Bookkeeping" */ = {
			isa = XCConfigurationList;
			buildConfigurations = (
				AF918F5D29C25E030075B4F4 /* Debug */,
				AF918F5E29C25E030075B4F4 /* Release */,
			);
			defaultConfigurationIsVisible = 0;
			defaultConfigurationName = Release;
		};
/* End XCConfigurationList section */
	};
	rootObject = AF918F4629C25E020075B4F4 /* Project object */;
}
